
Microsoft Visual Studio Solution File, Format Version 12.00
# Visual Studio 14
VisualStudioVersion = 14.0.23107.0
MinimumVisualStudioVersion = 10.0.40219.1
Project("{8BC9CEB8-8B4A-11D0-8D11-00A0C91BC942}") = "planning", "planning\planning.vcxproj", "{E56600A6-4016-4BC8-9729-3B17DB0EA2AD}"
EndProject
Global
	GlobalSection(SolutionConfigurationPlatforms) = preSolution
		Debug|x64 = Debug|x64
		Debug|x86 = Debug|x86
		Release|x64 = Release|x64
		Release|x86 = Release|x86
	EndGlobalSection
	GlobalSection(ProjectConfigurationPlatforms) = postSolution
		{E56600A6-4016-4BC8-9729-3B17DB0EA2AD}.Debug|x64.ActiveCfg = Debug|x64
		{E56600A6-4016-4BC8-9729-3B17DB0EA2AD}.Debug|x64.Build.0 = Debug|x64
		{E56600A6-4016-4BC8-9729-3B17DB0EA2AD}.Debug|x86.ActiveCfg = Debug|Win32
		{E56600A6-4016-4BC8-9729-3B17DB0EA2AD}.Debug|x86.Build.0 = Debug|Win32
		{E56600A6-4016-4BC8-9729-3B17DB0EA2AD}.Release|x64.ActiveCfg = Release|x64
		{E56600A6-4016-4BC8-9729-3B17DB0EA2AD}.Release|x64.Build.0 = Release|x64
		{E56600A6-4016-4BC8-9729-3B17DB0EA2AD}.Release|x86.ActiveCfg = Release|Win32
		{E56600A6-4016-4BC8-9729-3B17DB0EA2AD}.Release|x86.Build.0 = Release|Win32
	EndGlobalSection
	GlobalSection(SolutionProperties) = preSolution
		HideSolutionNode = FALSE
	EndGlobalSection
EndGlobal
